// !$*UTF8*$!
{
	archiveVersion = 1;
	classes = {
	};
	objectVersion = 50;
	objects = {

/* Begin PBXBuildFile section */
		6E2A19E92378392300C6EE84 /* SQLiteDatabase.swift in Sources */ = {isa = PBXBuildFile; fileRef = 6E2A19E82378392300C6EE84 /* SQLiteDatabase.swift */; };
		6ECBB892237731420021AB69 /* MagnetSDK.h in Headers */ = {isa = PBXBuildFile; fileRef = 6ECBB890237731420021AB69 /* MagnetSDK.h */; settings = {ATTRIBUTES = (Public, ); }; };
		6ECBB8A12377318F0021AB69 /* PathHelper.swift in Sources */ = {isa = PBXBuildFile; fileRef = 6ECBB8982377318E0021AB69 /* PathHelper.swift */; };
		6ECBB8A22377318F0021AB69 /* MagnetManager.swift in Sources */ = {isa = PBXBuildFile; fileRef = 6ECBB8992377318E0021AB69 /* MagnetManager.swift */; };
		6ECBB8A32377318F0021AB69 /* MagnetDB.swift in Sources */ = {isa = PBXBuildFile; fileRef = 6ECBB89A2377318E0021AB69 /* MagnetDB.swift */; };
		6ECBB8A42377318F0021AB69 /* VideoPlayer.swift in Sources */ = {isa = PBXBuildFile; fileRef = 6ECBB89B2377318E0021AB69 /* VideoPlayer.swift */; };
		6ECBB8A52377318F0021AB69 /* Canvas.swift in Sources */ = {isa = PBXBuildFile; fileRef = 6ECBB89C2377318E0021AB69 /* Canvas.swift */; };
		6ECBB8A62377318F0021AB69 /* MagnetRecord.swift in Sources */ = {isa = PBXBuildFile; fileRef = 6ECBB89D2377318E0021AB69 /* MagnetRecord.swift */; };
		6ECBB8A72377318F0021AB69 /* Magnet.swift in Sources */ = {isa = PBXBuildFile; fileRef = 6ECBB89E2377318E0021AB69 /* Magnet.swift */; };
		6ECBB8A82377318F0021AB69 /* NetworkConstants.swift in Sources */ = {isa = PBXBuildFile; fileRef = 6ECBB89F2377318E0021AB69 /* NetworkConstants.swift */; };
		6ECBB8A92377318F0021AB69 /* RestManager.swift in Sources */ = {isa = PBXBuildFile; fileRef = 6ECBB8A02377318F0021AB69 /* RestManager.swift */; };
/* End PBXBuildFile section */

/* Begin PBXCopyFilesBuildPhase section */
		6E2989572378320A00472DA3 /* Embed Frameworks */ = {
			isa = PBXCopyFilesBuildPhase;
			buildActionMask = 2147483647;
			dstPath = "";
			dstSubfolderSpec = 10;
			files = (
			);
			name = "Embed Frameworks";
			runOnlyForDeploymentPostprocessing = 0;
		};
/* End PBXCopyFilesBuildPhase section */

/* Begin PBXFileReference section */
		6E2A19E82378392300C6EE84 /* SQLiteDatabase.swift */ = {isa = PBXFileReference; lastKnownFileType = sourcecode.swift; path = SQLiteDatabase.swift; sourceTree = "<group>"; };
		6E2A19EA23783A0B00C6EE84 /* libsqlite3.tbd */ = {isa = PBXFileReference; lastKnownFileType = "sourcecode.text-based-dylib-definition"; name = libsqlite3.tbd; path = Platforms/MacOSX.platform/Developer/SDKs/MacOSX10.15.sdk/usr/lib/libsqlite3.tbd; sourceTree = DEVELOPER_DIR; };
		6ECBB88D237731420021AB69 /* MagnetSDK.framework */ = {isa = PBXFileReference; explicitFileType = wrapper.framework; includeInIndex = 0; path = MagnetSDK.framework; sourceTree = BUILT_PRODUCTS_DIR; };
		6ECBB890237731420021AB69 /* MagnetSDK.h */ = {isa = PBXFileReference; lastKnownFileType = sourcecode.c.h; path = MagnetSDK.h; sourceTree = "<group>"; };
		6ECBB891237731420021AB69 /* Info.plist */ = {isa = PBXFileReference; lastKnownFileType = text.plist.xml; path = Info.plist; sourceTree = "<group>"; };
		6ECBB8982377318E0021AB69 /* PathHelper.swift */ = {isa = PBXFileReference; fileEncoding = 4; lastKnownFileType = sourcecode.swift; path = PathHelper.swift; sourceTree = "<group>"; };
		6ECBB8992377318E0021AB69 /* MagnetManager.swift */ = {isa = PBXFileReference; fileEncoding = 4; lastKnownFileType = sourcecode.swift; path = MagnetManager.swift; sourceTree = "<group>"; };
		6ECBB89A2377318E0021AB69 /* MagnetDB.swift */ = {isa = PBXFileReference; fileEncoding = 4; lastKnownFileType = sourcecode.swift; path = MagnetDB.swift; sourceTree = "<group>"; };
		6ECBB89B2377318E0021AB69 /* VideoPlayer.swift */ = {isa = PBXFileReference; fileEncoding = 4; lastKnownFileType = sourcecode.swift; path = VideoPlayer.swift; sourceTree = "<group>"; };
		6ECBB89C2377318E0021AB69 /* Canvas.swift */ = {isa = PBXFileReference; fileEncoding = 4; lastKnownFileType = sourcecode.swift; path = Canvas.swift; sourceTree = "<group>"; };
		6ECBB89D2377318E0021AB69 /* MagnetRecord.swift */ = {isa = PBXFileReference; fileEncoding = 4; lastKnownFileType = sourcecode.swift; path = MagnetRecord.swift; sourceTree = "<group>"; };
		6ECBB89E2377318E0021AB69 /* Magnet.swift */ = {isa = PBXFileReference; fileEncoding = 4; lastKnownFileType = sourcecode.swift; path = Magnet.swift; sourceTree = "<group>"; };
		6ECBB89F2377318E0021AB69 /* NetworkConstants.swift */ = {isa = PBXFileReference; fileEncoding = 4; lastKnownFileType = sourcecode.swift; path = NetworkConstants.swift; sourceTree = "<group>"; };
		6ECBB8A02377318F0021AB69 /* RestManager.swift */ = {isa = PBXFileReference; fileEncoding = 4; lastKnownFileType = sourcecode.swift; path = RestManager.swift; sourceTree = "<group>"; };
/* End PBXFileReference section */

/* Begin PBXFrameworksBuildPhase section */
		6ECBB88A237731420021AB69 /* Frameworks */ = {
			isa = PBXFrameworksBuildPhase;
			buildActionMask = 2147483647;
			files = (
			);
			runOnlyForDeploymentPostprocessing = 0;
		};
/* End PBXFrameworksBuildPhase section */

/* Begin PBXGroup section */
		6ECBB883237731420021AB69 = {
			isa = PBXGroup;
			children = (
				6ECBB88F237731420021AB69 /* MagnetSDK */,
				6ECBB88E237731420021AB69 /* Products */,
				6ECBB8C2237731D70021AB69 /* Frameworks */,
			);
			sourceTree = "<group>";
		};
		6ECBB88E237731420021AB69 /* Products */ = {
			isa = PBXGroup;
			children = (
				6ECBB88D237731420021AB69 /* MagnetSDK.framework */,
			);
			name = Products;
			sourceTree = "<group>";
		};
		6ECBB88F237731420021AB69 /* MagnetSDK */ = {
			isa = PBXGroup;
			children = (
				6ECBB89C2377318E0021AB69 /* Canvas.swift */,
				6ECBB89E2377318E0021AB69 /* Magnet.swift */,
				6ECBB89A2377318E0021AB69 /* MagnetDB.swift */,
				6ECBB8992377318E0021AB69 /* MagnetManager.swift */,
				6ECBB89D2377318E0021AB69 /* MagnetRecord.swift */,
				6ECBB89F2377318E0021AB69 /* NetworkConstants.swift */,
				6ECBB8982377318E0021AB69 /* PathHelper.swift */,
				6ECBB8A02377318F0021AB69 /* RestManager.swift */,
				6ECBB89B2377318E0021AB69 /* VideoPlayer.swift */,
				6ECBB890237731420021AB69 /* MagnetSDK.h */,
				6ECBB891237731420021AB69 /* Info.plist */,
				6E2A19E82378392300C6EE84 /* SQLiteDatabase.swift */,
			);
			path = MagnetSDK;
			sourceTree = "<group>";
		};
		6ECBB8C2237731D70021AB69 /* Frameworks */ = {
			isa = PBXGroup;
			children = (
				6E2A19EA23783A0B00C6EE84 /* libsqlite3.tbd */,
			);
			name = Frameworks;
			sourceTree = "<group>";
		};
/* End PBXGroup section */

/* Begin PBXHeadersBuildPhase section */
		6ECBB888237731420021AB69 /* Headers */ = {
			isa = PBXHeadersBuildPhase;
			buildActionMask = 2147483647;
			files = (
				6ECBB892237731420021AB69 /* MagnetSDK.h in Headers */,
			);
			runOnlyForDeploymentPostprocessing = 0;
		};
/* End PBXHeadersBuildPhase section */

/* Begin PBXNativeTarget section */
		6ECBB88C237731420021AB69 /* MagnetSDK */ = {
			isa = PBXNativeTarget;
			buildConfigurationList = 6ECBB895237731420021AB69 /* Build configuration list for PBXNativeTarget "MagnetSDK" */;
			buildPhases = (
				6ECBB888237731420021AB69 /* Headers */,
				6ECBB889237731420021AB69 /* Sources */,
				6ECBB88A237731420021AB69 /* Frameworks */,
				6ECBB88B237731420021AB69 /* Resources */,
				6E2989572378320A00472DA3 /* Embed Frameworks */,
			);
			buildRules = (
			);
			dependencies = (
			);
			name = MagnetSDK;
			productName = MagnetSDK;
			productReference = 6ECBB88D237731420021AB69 /* MagnetSDK.framework */;
			productType = "com.apple.product-type.framework";
		};
/* End PBXNativeTarget section */

/* Begin PBXProject section */
		6ECBB884237731420021AB69 /* Project object */ = {
			isa = PBXProject;
			attributes = {
				LastUpgradeCheck = 1120;
				ORGANIZATIONNAME = e.d.neutrum;
				TargetAttributes = {
					6ECBB88C237731420021AB69 = {
						CreatedOnToolsVersion = 11.2;
						LastSwiftMigration = 1120;
					};
				};
			};
			buildConfigurationList = 6ECBB887237731420021AB69 /* Build configuration list for PBXProject "MagnetSDK" */;
			compatibilityVersion = "Xcode 9.3";
			developmentRegion = en;
			hasScannedForEncodings = 0;
			knownRegions = (
				en,
				Base,
			);
			mainGroup = 6ECBB883237731420021AB69;
			productRefGroup = 6ECBB88E237731420021AB69 /* Products */;
			projectDirPath = "";
			projectRoot = "";
			targets = (
				6ECBB88C237731420021AB69 /* MagnetSDK */,
			);
		};
/* End PBXProject section */

/* Begin PBXResourcesBuildPhase section */
		6ECBB88B237731420021AB69 /* Resources */ = {
			isa = PBXResourcesBuildPhase;
			buildActionMask = 2147483647;
			files = (
			);
			runOnlyForDeploymentPostprocessing = 0;
		};
/* End PBXResourcesBuildPhase section */

/* Begin PBXSourcesBuildPhase section */
		6ECBB889237731420021AB69 /* Sources */ = {
			isa = PBXSourcesBuildPhase;
			buildActionMask = 2147483647;
			files = (
				6ECBB8A92377318F0021AB69 /* RestManager.swift in Sources */,
				6ECBB8A82377318F0021AB69 /* NetworkConstants.swift in Sources */,
				6ECBB8A62377318F0021AB69 /* MagnetRecord.swift in Sources */,
				6ECBB8A42377318F0021AB69 /* VideoPlayer.swift in Sources */,
				6E2A19E92378392300C6EE84 /* SQLiteDatabase.swift in Sources */,
				6ECBB8A12377318F0021AB69 /* PathHelper.swift in Sources */,
				6ECBB8A72377318F0021AB69 /* Magnet.swift in Sources */,
				6ECBB8A22377318F0021AB69 /* MagnetManager.swift in Sources */,
				6ECBB8A52377318F0021AB69 /* Canvas.swift in Sources */,
				6ECBB8A32377318F0021AB69 /* MagnetDB.swift in Sources */,
			);
			runOnlyForDeploymentPostprocessing = 0;
		};
/* End PBXSourcesBuildPhase section */

/* Begin XCBuildConfiguration section */
		6ECBB893237731420021AB69 /* Debug */ = {
			isa = XCBuildConfiguration;
			buildSettings = {
				ALWAYS_SEARCH_USER_PATHS = NO;
				CLANG_ANALYZER_NONNULL = YES;
				CLANG_ANALYZER_NUMBER_OBJECT_CONVERSION = YES_AGGRESSIVE;
				CLANG_CXX_LANGUAGE_STANDARD = "gnu++14";
				CLANG_CXX_LIBRARY = "libc++";
				CLANG_ENABLE_MODULES = YES;
				CLANG_ENABLE_OBJC_ARC = YES;
				CLANG_ENABLE_OBJC_WEAK = YES;
				CLANG_WARN_BLOCK_CAPTURE_AUTORELEASING = YES;
				CLANG_WARN_BOOL_CONVERSION = YES;
				CLANG_WARN_COMMA = YES;
				CLANG_WARN_CONSTANT_CONVERSION = YES;
				CLANG_WARN_DEPRECATED_OBJC_IMPLEMENTATIONS = YES;
				CLANG_WARN_DIRECT_OBJC_ISA_USAGE = YES_ERROR;
				CLANG_WARN_DOCUMENTATION_COMMENTS = YES;
				CLANG_WARN_EMPTY_BODY = YES;
				CLANG_WARN_ENUM_CONVERSION = YES;
				CLANG_WARN_INFINITE_RECURSION = YES;
				CLANG_WARN_INT_CONVERSION = YES;
				CLANG_WARN_NON_LITERAL_NULL_CONVERSION = YES;
				CLANG_WARN_OBJC_IMPLICIT_RETAIN_SELF = YES;
				CLANG_WARN_OBJC_LITERAL_CONVERSION = YES;
				CLANG_WARN_OBJC_ROOT_CLASS = YES_ERROR;
				CLANG_WARN_RANGE_LOOP_ANALYSIS = YES;
				CLANG_WARN_STRICT_PROTOTYPES = YES;
				CLANG_WARN_SUSPICIOUS_MOVE = YES;
				CLANG_WARN_UNGUARDED_AVAILABILITY = YES_AGGRESSIVE;
				CLANG_WARN_UNREACHABLE_CODE = YES;
				CLANG_WARN__DUPLICATE_METHOD_MATCH = YES;
				COPY_PHASE_STRIP = NO;
				CURRENT_PROJECT_VERSION = 1;
				DEBUG_INFORMATION_FORMAT = dwarf;
				ENABLE_STRICT_OBJC_MSGSEND = YES;
				ENABLE_TESTABILITY = YES;
				GCC_C_LANGUAGE_STANDARD = gnu11;
				GCC_DYNAMIC_NO_PIC = NO;
				GCC_NO_COMMON_BLOCKS = YES;
				GCC_OPTIMIZATION_LEVEL = 0;
				GCC_PREPROCESSOR_DEFINITIONS = (
					"DEBUG=1",
					"$(inherited)",
				);
				GCC_WARN_64_TO_32_BIT_CONVERSION = YES;
				GCC_WARN_ABOUT_RETURN_TYPE = YES_ERROR;
				GCC_WARN_UNDECLARED_SELECTOR = YES;
				GCC_WARN_UNINITIALIZED_AUTOS = YES_AGGRESSIVE;
				GCC_WARN_UNUSED_FUNCTION = YES;
				GCC_WARN_UNUSED_VARIABLE = YES;
				IPHONEOS_DEPLOYMENT_TARGET = 13.2;
				MTL_ENABLE_DEBUG_INFO = INCLUDE_SOURCE;
				MTL_FAST_MATH = YES;
				ONLY_ACTIVE_ARCH = YES;
				SDKROOT = iphoneos;
				SWIFT_ACTIVE_COMPILATION_CONDITIONS = DEBUG;
				SWIFT_OPTIMIZATION_LEVEL = "-Onone";
				VERSIONING_SYSTEM = "apple-generic";
				VERSION_INFO_PREFIX = "";
			};
			name = Debug;
		};
		6ECBB894237731420021AB69 /* Release */ = {
			isa = XCBuildConfiguration;
			buildSettings = {
				ALWAYS_SEARCH_USER_PATHS = NO;
				CLANG_ANALYZER_NONNULL = YES;
				CLANG_ANALYZER_NUMBER_OBJECT_CONVERSION = YES_AGGRESSIVE;
				CLANG_CXX_LANGUAGE_STANDARD = "gnu++14";
				CLANG_CXX_LIBRARY = "libc++";
				CLANG_ENABLE_MODULES = YES;
				CLANG_ENABLE_OBJC_ARC = YES;
				CLANG_ENABLE_OBJC_WEAK = YES;
				CLANG_WARN_BLOCK_CAPTURE_AUTORELEASING = YES;
				CLANG_WARN_BOOL_CONVERSION = YES;
				CLANG_WARN_COMMA = YES;
				CLANG_WARN_CONSTANT_CONVERSION = YES;
				CLANG_WARN_DEPRECATED_OBJC_IMPLEMENTATIONS = YES;
				CLANG_WARN_DIRECT_OBJC_ISA_USAGE = YES_ERROR;
				CLANG_WARN_DOCUMENTATION_COMMENTS = YES;
				CLANG_WARN_EMPTY_BODY = YES;
				CLANG_WARN_ENUM_CONVERSION = YES;
				CLANG_WARN_INFINITE_RECURSION = YES;
				CLANG_WARN_INT_CONVERSION = YES;
				CLANG_WARN_NON_LITERAL_NULL_CONVERSION = YES;
				CLANG_WARN_OBJC_IMPLICIT_RETAIN_SELF = YES;
				CLANG_WARN_OBJC_LITERAL_CONVERSION = YES;
				CLANG_WARN_OBJC_ROOT_CLASS = YES_ERROR;
				CLANG_WARN_RANGE_LOOP_ANALYSIS = YES;
				CLANG_WARN_STRICT_PROTOTYPES = YES;
				CLANG_WARN_SUSPICIOUS_MOVE = YES;
				CLANG_WARN_UNGUARDED_AVAILABILITY = YES_AGGRESSIVE;
				CLANG_WARN_UNREACHABLE_CODE = YES;
				CLANG_WARN__DUPLICATE_METHOD_MATCH = YES;
				COPY_PHASE_STRIP = NO;
				CURRENT_PROJECT_VERSION = 1;
				DEBUG_INFORMATION_FORMAT = "dwarf-with-dsym";
				ENABLE_NS_ASSERTIONS = NO;
				ENABLE_STRICT_OBJC_MSGSEND = YES;
				GCC_C_LANGUAGE_STANDARD = gnu11;
				GCC_NO_COMMON_BLOCKS = YES;
				GCC_WARN_64_TO_32_BIT_CONVERSION = YES;
				GCC_WARN_ABOUT_RETURN_TYPE = YES_ERROR;
				GCC_WARN_UNDECLARED_SELECTOR = YES;
				GCC_WARN_UNINITIALIZED_AUTOS = YES_AGGRESSIVE;
				GCC_WARN_UNUSED_FUNCTION = YES;
				GCC_WARN_UNUSED_VARIABLE = YES;
				IPHONEOS_DEPLOYMENT_TARGET = 13.2;
				MTL_ENABLE_DEBUG_INFO = NO;
				MTL_FAST_MATH = YES;
				SDKROOT = iphoneos;
				SWIFT_COMPILATION_MODE = wholemodule;
				SWIFT_OPTIMIZATION_LEVEL = "-O";
				VALIDATE_PRODUCT = YES;
				VERSIONING_SYSTEM = "apple-generic";
				VERSION_INFO_PREFIX = "";
			};
			name = Release;
		};
		6ECBB896237731420021AB69 /* Debug */ = {
			isa = XCBuildConfiguration;
			buildSettings = {
				CLANG_ENABLE_MODULES = YES;
				CODE_SIGN_STYLE = Automatic;
				DEFINES_MODULE = YES;
				DEVELOPMENT_TEAM = UMQ527WE5E;
				DYLIB_COMPATIBILITY_VERSION = 1;
				DYLIB_CURRENT_VERSION = 1;
				DYLIB_INSTALL_NAME_BASE = "@rpath";
				INFOPLIST_FILE = MagnetSDK/Info.plist;
				INSTALL_PATH = "$(LOCAL_LIBRARY_DIR)/Frameworks";
				IPHONEOS_DEPLOYMENT_TARGET = 12.4;
				LD_RUNPATH_SEARCH_PATHS = (
					"$(inherited)",
					"@executable_path/Frameworks",
					"@loader_path/Frameworks",
				);
				PRODUCT_BUNDLE_IDENTIFIER = com.49parallels.MagnetSDK;
				PRODUCT_NAME = "$(TARGET_NAME:c99extidentifier)";
				SKIP_INSTALL = YES;
				SWIFT_OPTIMIZATION_LEVEL = "-Onone";
				SWIFT_VERSION = 5.0;
				TARGETED_DEVICE_FAMILY = "1,2";
			};
			name = Debug;
		};
		6ECBB897237731420021AB69 /* Release */ = {
			isa = XCBuildConfiguration;
			buildSettings = {
				CLANG_ENABLE_MODULES = YES;
				CODE_SIGN_STYLE = Automatic;
				DEFINES_MODULE = YES;
				DEVELOPMENT_TEAM = UMQ527WE5E;
				DYLIB_COMPATIBILITY_VERSION = 1;
				DYLIB_CURRENT_VERSION = 1;
				DYLIB_INSTALL_NAME_BASE = "@rpath";
				INFOPLIST_FILE = MagnetSDK/Info.plist;
				INSTALL_PATH = "$(LOCAL_LIBRARY_DIR)/Frameworks";
				IPHONEOS_DEPLOYMENT_TARGET = 12.4;
				LD_RUNPATH_SEARCH_PATHS = (
					"$(inherited)",
					"@executable_path/Frameworks",
					"@loader_path/Frameworks",
				);
				PRODUCT_BUNDLE_IDENTIFIER = com.49parallels.MagnetSDK;
				PRODUCT_NAME = "$(TARGET_NAME:c99extidentifier)";
				SKIP_INSTALL = YES;
				SWIFT_VERSION = 5.0;
				TARGETED_DEVICE_FAMILY = "1,2";
			};
			name = Release;
		};
/* End XCBuildConfiguration section */

/* Begin XCConfigurationList section */
		6ECBB887237731420021AB69 /* Build configuration list for PBXProject "MagnetSDK" */ = {
			isa = XCConfigurationList;
			buildConfigurations = (
				6ECBB893237731420021AB69 /* Debug */,
				6ECBB894237731420021AB69 /* Release */,
			);
			defaultConfigurationIsVisible = 0;
			defaultConfigurationName = Release;
		};
		6ECBB895237731420021AB69 /* Build configuration list for PBXNativeTarget "MagnetSDK" */ = {
			isa = XCConfigurationList;
			buildConfigurations = (
				6ECBB896237731420021AB69 /* Debug */,
				6ECBB897237731420021AB69 /* Release */,
			);
			defaultConfigurationIsVisible = 0;
			defaultConfigurationName = Release;
		};
/* End XCConfigurationList section */
	};
	rootObject = 6ECBB884237731420021AB69 /* Project object */;
}
